{
  "version": 4,
  "terraform_version": "1.8.5",
  "serial": 12,
  "lineage": "ac14b7f2-7c7f-7293-1b16-19df9a78e264",
  "outputs": {},
  "resources": [
    {
      "mode": "managed",
      "type": "local_file",
      "name": "file_res",
      "provider": "provider[\"registry.terraform.io/hashicorp/local\"]",
      "instances": [
        {
          "schema_version": 0,
          "attributes": {
            "content": "Some content in the file!",
            "content_base64": null,
            "content_base64sha256": "88R015xkVWE69hr+QMrFgO9UuFp7cZ5K9HVS/HUaHB4=",
            "content_base64sha512": "a8pIR/ilNra6nGdoA50hx4OYDGbLFix1lqkiDvmkFq+W71AvSDjTkiycOa21bVe/S7bJKFMLQ8112CQGOhCbrw==",
            "content_md5": "0ef6078e718f222dcccf5bca3d4fbda4",
            "content_sha1": "a93e0290fcbc9d06ee9e1f1c493e7465963bd943",
            "content_sha256": "f3c474d79c6455613af61afe40cac580ef54b85a7b719e4af47552fc751a1c1e",
            "content_sha512": "6bca4847f8a536b6ba9c6768039d21c783980c66cb162c7596a9220ef9a416af96ef502f4838d3922c9c39adb56d57bf4bb6c928530b43cd75d824063a109baf",
            "directory_permission": "0777",
            "file_permission": "0777",
            "filename": "animal.txt",
            "id": "a93e0290fcbc9d06ee9e1f1c493e7465963bd943",
            "sensitive_content": null,
            "source": null
          },
          "sensitive_attributes": [
            [
              {
                "type": "get_attr",
                "value": "sensitive_content"
              }
            ]
          ],
          "create_before_destroy": true
        }
      ]
    }
  ],
  "check_results": null
}
