{
  "version": 4,
  "terraform_version": "1.8.5",
  "serial": 6,
  "lineage": "0cc6c780-dc2d-6157-0f0e-bcba1d0e894d",
  "outputs": {
    "name": {
      "value": 17,
      "type": "number"
    }
  },
  "resources": [
    {
      "mode": "managed",
      "type": "random_integer",
      "name": "rint",
      "provider": "provider[\"registry.terraform.io/hashicorp/random\"]",
      "instances": [
        {
          "schema_version": 0,
          "attributes": {
            "id": "17",
            "keepers": null,
            "max": 100,
            "min": 1,
            "result": 17,
            "seed": null
          },
          "sensitive_attributes": []
        }
      ]
    }
  ],
  "check_results": null
}
