{
  "version": 4,
  "terraform_version": "1.8.5",
  "serial": 3,
  "lineage": "11b2dea8-e26d-2eb5-f583-e85417a12f19",
  "outputs": {},
  "resources": [
    {
      "mode": "managed",
      "type": "local_file",
      "name": "cat_res",
      "provider": "provider[\"registry.terraform.io/hashicorp/local\"]",
      "instances": [
        {
          "schema_version": 0,
          "attributes": {
            "content": "This is a cat!",
            "content_base64": null,
            "content_base64sha256": "f1w2CMVFE/+fTaVtElW1gthTUfmfbmpzLKaUy5LzOI4=",
            "content_base64sha512": "UUUWNMQoWc1n5pzU/k82qr7X6tSzZWHBrAEkHdkkNWxPQIUQr9fZI83XxE40EAw2EIHLOCNwYS+C2OI/XSn3tQ==",
            "content_md5": "65e7ad9f77bcb43fa36d5f618cfb6100",
            "content_sha1": "397221e8b66fcb7eddba098d9c6e61ac6bbb81cd",
            "content_sha256": "7f5c3608c54513ff9f4da56d1255b582d85351f99f6e6a732ca694cb92f3388e",
            "content_sha512": "51451634c42859cd67e69cd4fe4f36aabed7ead4b36561c1ac01241dd924356c4f408510afd7d923cdd7c44e34100c361081cb382370612f82d8e23f5d29f7b5",
            "directory_permission": "0777",
            "file_permission": "0777",
            "filename": "cat.txt",
            "id": "397221e8b66fcb7eddba098d9c6e61ac6bbb81cd",
            "sensitive_content": null,
            "source": null
          },
          "sensitive_attributes": [
            [
              {
                "type": "get_attr",
                "value": "sensitive_content"
              }
            ]
          ]
        }
      ]
    },
    {
      "mode": "managed",
      "type": "local_file",
      "name": "dog_res",
      "provider": "provider[\"registry.terraform.io/hashicorp/local\"]",
      "instances": [
        {
          "schema_version": 0,
          "attributes": {
            "content": "This is a dog!",
            "content_base64": null,
            "content_base64sha256": "uAHNsD+dNMEb/mlEKVAzi40xiw1+PBz/9gwUwSTVqZw=",
            "content_base64sha512": "IDvdJQQEDNWHwOuqTpTeYhG4VBONy0vJHtEyl2ml+XXdGsDubH0Yx8eqXv52QgQguJsrqU2jlbQDFCGgQ2LSyA==",
            "content_md5": "3b3913fafda1bcc2dc0ab3b8f229316e",
            "content_sha1": "3014d1d78040b3fa08326e5f0bac7dea09c374a3",
            "content_sha256": "b801cdb03f9d34c11bfe69442950338b8d318b0d7e3c1cfff60c14c124d5a99c",
            "content_sha512": "203bdd2504040cd587c0ebaa4e94de6211b854138dcb4bc91ed1329769a5f975dd1ac0ee6c7d18c7c7aa5efe76420420b89b2ba94da395b4031421a04362d2c8",
            "directory_permission": "0777",
            "file_permission": "0777",
            "filename": "dog.txt",
            "id": "3014d1d78040b3fa08326e5f0bac7dea09c374a3",
            "sensitive_content": null,
            "source": null
          },
          "sensitive_attributes": [
            [
              {
                "type": "get_attr",
                "value": "sensitive_content"
              }
            ]
          ]
        }
      ]
    }
  ],
  "check_results": null
}
