{
  "version": 4,
  "terraform_version": "1.8.5",
  "serial": 4,
  "lineage": "9ccdb0d0-dc0a-dd00-56a7-d69f8912d41a",
  "outputs": {},
  "resources": [
    {
      "mode": "managed",
      "type": "local_sensitive_file",
      "name": "sensitive_res",
      "provider": "provider[\"registry.terraform.io/hashicorp/local\"]",
      "instances": [
        {
          "schema_version": 0,
          "attributes": {
            "content": "This is a secret message!",
            "content_base64": null,
            "content_base64sha256": "DPNftcXciu9Q0n8499LgHgULJ+Iy3EcthswfbBadsRs=",
            "content_base64sha512": "VuXmJJeDD/tA+ndhxg2bfbM7e3hFC5Pw1q9o/xbIsXz4kMvBDKgmVOXjZG3o9bAX5r07oxsPhkdNC9IzEZD89w==",
            "content_md5": "e271de72c179c473fa29bad58623c458",
            "content_sha1": "d8f5588440aba29feee577e9a306e0ab52cf1201",
            "content_sha256": "0cf35fb5c5dc8aef50d27f38f7d2e01e050b27e232dc472d86cc1f6c169db11b",
            "content_sha512": "56e5e62497830ffb40fa7761c60d9b7db33b7b78450b93f0d6af68ff16c8b17cf890cbc10ca82654e5e3646de8f5b017e6bd3ba31b0f86474d0bd2331190fcf7",
            "directory_permission": "0700",
            "file_permission": "0600",
            "filename": "sensitive.txt",
            "id": "d8f5588440aba29feee577e9a306e0ab52cf1201",
            "source": null
          },
          "sensitive_attributes": [
            [
              {
                "type": "get_attr",
                "value": "content"
              }
            ],
            [
              {
                "type": "get_attr",
                "value": "content_base64"
              }
            ]
          ]
        }
      ]
    }
  ],
  "check_results": null
}
